
Microsoft Visual Studio Solution File, Format Version 12.00
# Visual Studio Version 16
VisualStudioVersion = 16.0.31729.503
MinimumVisualStudioVersion = 10.0.40219.1
Project("{FAE04EC0-301F-11D3-BF4B-00C04F79EFBC}") = "WebApplication2", "WebApplication2\WebApplication2.csproj", "{C079A3EE-F74B-4D96-A9EB-E1266FB3B2E2}"
EndProject
Global
	GlobalSection(SolutionConfigurationPlatforms) = preSolution
		Debug|Any CPU = Debug|Any CPU
		Release|Any CPU = Release|Any CPU
	EndGlobalSection
	GlobalSection(ProjectConfigurationPlatforms) = postSolution
		{C079A3EE-F74B-4D96-A9EB-E1266FB3B2E2}.Debug|Any CPU.ActiveCfg = Debug|Any CPU
		{C079A3EE-F74B-4D96-A9EB-E1266FB3B2E2}.Debug|Any CPU.Build.0 = Debug|Any CPU
		{C079A3EE-F74B-4D96-A9EB-E1266FB3B2E2}.Release|Any CPU.ActiveCfg = Release|Any CPU
		{C079A3EE-F74B-4D96-A9EB-E1266FB3B2E2}.Release|Any CPU.Build.0 = Release|Any CPU
	EndGlobalSection
	GlobalSection(SolutionProperties) = preSolution
		HideSolutionNode = FALSE
	EndGlobalSection
	GlobalSection(ExtensibilityGlobals) = postSolution
		SolutionGuid = {34F77C9C-3D5C-4438-B798-92F8FB3F16DA}
	EndGlobalSection
EndGlobal
